<?xml version="1.0" encoding="utf-8"?>
<Project ToolsVersion="4.0" xmlns="http://schemas.microsoft.com/developer/msbuild/2003">
  <ItemGroup>
    <Filter Include="Source Files">
      <UniqueIdentifier>{4FC737F1-C7A5-4376-A066-2A32D752A2FF}</UniqueIdentifier>
      <Extensions>cpp;c;cc;cxx;def;odl;idl;hpj;bat;asm;asmx</Extensions>
    </Filter>
    <Filter Include="Resource Files">
      <UniqueIdentifier>{D9D6E242-F8AF-46E4-B9FD-80ECBC20BA3E}</UniqueIdentifier>
      <Extensions>qrc;*</Extensions>
      <ParseFiles>false</ParseFiles>
    </Filter>
    <Filter Include="Form Files">
      <UniqueIdentifier>{99349809-55BA-4b9d-BF79-8FDBB0286EB3}</UniqueIdentifier>
      <Extensions>ui</Extensions>
    </Filter>
    <Filter Include="Resource Files">
      <UniqueIdentifier>{D9D6E242-F8AF-46E4-B9FD-80ECBC20BA3E}</UniqueIdentifier>
      <Extensions>qrc;*</Extensions>
      <ParseFiles>false</ParseFiles>
    </Filter>
    <Filter Include="Generated Files">
      <UniqueIdentifier>{71ED8ED8-ACB9-4CE9-BBE1-E00B30144E11}</UniqueIdentifier>
      <Extensions>moc;h;cpp</Extensions>
      <SourceControlFiles>False</SourceControlFiles>
    </Filter>
    <Filter Include="Source Files\UDPNet">
      <UniqueIdentifier>{a1675b93-6a96-458b-8045-3b48c50c8504}</UniqueIdentifier>
    </Filter>
    <Filter Include="Source Files\NetUtil">
      <UniqueIdentifier>{bf7818de-a997-448a-8f1b-b7d4b456a214}</UniqueIdentifier>
    </Filter>
    <Filter Include="Source Files\Common">
      <UniqueIdentifier>{b1077ff0-b639-40d1-8213-d146b072cb87}</UniqueIdentifier>
    </Filter>
    <Filter Include="Source Files\Common\DataStruct">
      <UniqueIdentifier>{bda3a264-f628-4d55-9e70-547af2fa6a7f}</UniqueIdentifier>
    </Filter>
    <Filter Include="Source Files\Logger">
      <UniqueIdentifier>{420e933c-8caf-422a-bb14-143232612cc3}</UniqueIdentifier>
    </Filter>
  </ItemGroup>
  <ItemGroup>
    <ClCompile Include="main.cpp">
      <Filter>Source Files</Filter>
    </ClCompile>
    <ClCompile Include="PandaRC.cpp">
      <Filter>Source Files</Filter>
    </ClCompile>
    <ClCompile Include="UDPNet\UDPNet.cpp">
      <Filter>Source Files\UDPNet</Filter>
    </ClCompile>
    <ClCompile Include="GeneratedFiles\qrc_PandaRC.cpp">
      <Filter>Generated Files</Filter>
    </ClCompile>
    <ClCompile Include="NetUtil\NetAPI.cpp">
      <Filter>Source Files\NetUtil</Filter>
    </ClCompile>
    <ClCompile Include="NetUtil\Packet.cpp">
      <Filter>Source Files\NetUtil</Filter>
    </ClCompile>
    <ClCompile Include="Common\DataStruct\XString.cpp">
      <Filter>Source Files\Common\DataStruct</Filter>
    </ClCompile>
    <ClCompile Include="Logger\Logger.cpp">
      <Filter>Source Files\Logger</Filter>
    </ClCompile>
  </ItemGroup>
  <ItemGroup>
    <QtMoc Include="UDPNet\UDPNet.h">
      <Filter>Source Files\UDPNet</Filter>
    </QtMoc>
    <QtMoc Include="PandaRC.h">
      <Filter>Source Files</Filter>
    </QtMoc>
  </ItemGroup>
  <ItemGroup>
    <QtUic Include="PandaRC.ui">
      <Filter>Form Files</Filter>
    </QtUic>
  </ItemGroup>
  <ItemGroup>
    <QtRcc Include="PandaRC.qrc">
      <Filter>Resource Files</Filter>
    </QtRcc>
  </ItemGroup>
  <ItemGroup>
    <ResourceCompile Include="PandaRC.rc" />
  </ItemGroup>
  <ItemGroup>
    <ClInclude Include="GeneratedFiles\ui_PandaRC.h">
      <Filter>Generated Files</Filter>
    </ClInclude>
    <ClInclude Include="NetUtil\NetAPI.h">
      <Filter>Source Files\NetUtil</Filter>
    </ClInclude>
    <ClInclude Include="NetUtil\Packet.h">
      <Filter>Source Files\NetUtil</Filter>
    </ClInclude>
    <ClInclude Include="Common\Platform.h">
      <Filter>Source Files\Common</Filter>
    </ClInclude>
    <ClInclude Include="Common\PlatformHeader.h">
      <Filter>Source Files\Common</Filter>
    </ClInclude>
    <ClInclude Include="Common\DataStruct\Array.h">
      <Filter>Source Files\Common\DataStruct</Filter>
    </ClInclude>
    <ClInclude Include="Common\DataStruct\Atomic.h">
      <Filter>Source Files\Common\DataStruct</Filter>
    </ClInclude>
    <ClInclude Include="Common\DataStruct\CircleQueue.h">
      <Filter>Source Files\Common\DataStruct</Filter>
    </ClInclude>
    <ClInclude Include="Common\DataStruct\Encoding.h">
      <Filter>Source Files\Common\DataStruct</Filter>
    </ClInclude>
    <ClInclude Include="Common\DataStruct\Encrypt.h">
      <Filter>Source Files\Common\DataStruct</Filter>
    </ClInclude>
    <ClInclude Include="Common\DataStruct\HashFunc.h">
      <Filter>Source Files\Common\DataStruct</Filter>
    </ClInclude>
    <ClInclude Include="Common\DataStruct\HexStr.h">
      <Filter>Source Files\Common\DataStruct</Filter>
    </ClInclude>
    <ClInclude Include="Common\DataStruct\HList.h">
      <Filter>Source Files\Common\DataStruct</Filter>
    </ClInclude>
    <ClInclude Include="Common\DataStruct\List.h">
      <Filter>Source Files\Common\DataStruct</Filter>
    </ClInclude>
    <ClInclude Include="Common\DataStruct\Md5.h">
      <Filter>Source Files\Common\DataStruct</Filter>
    </ClInclude>
    <ClInclude Include="Common\DataStruct\Memory.h">
      <Filter>Source Files\Common\DataStruct</Filter>
    </ClInclude>
    <ClInclude Include="Common\DataStruct\MemPool.h">
      <Filter>Source Files\Common\DataStruct</Filter>
    </ClInclude>
    <ClInclude Include="Common\DataStruct\MinHeap.h">
      <Filter>Source Files\Common\DataStruct</Filter>
    </ClInclude>
    <ClInclude Include="Common\DataStruct\MsgQueue.h">
      <Filter>Source Files\Common\DataStruct</Filter>
    </ClInclude>
    <ClInclude Include="Common\DataStruct\MutexLock.h">
      <Filter>Source Files\Common\DataStruct</Filter>
    </ClInclude>
    <ClInclude Include="Common\DataStruct\ObjID.h">
      <Filter>Source Files\Common\DataStruct</Filter>
    </ClInclude>
    <ClInclude Include="Common\DataStruct\Point.h">
      <Filter>Source Files\Common\DataStruct</Filter>
    </ClInclude>
    <ClInclude Include="Common\DataStruct\PureList.h">
      <Filter>Source Files\Common\DataStruct</Filter>
    </ClInclude>
    <ClInclude Include="Common\DataStruct\Ranking.h">
      <Filter>Source Files\Common\DataStruct</Filter>
    </ClInclude>
    <ClInclude Include="Common\DataStruct\Regexp.h">
      <Filter>Source Files\Common\DataStruct</Filter>
    </ClInclude>
    <ClInclude Include="Common\DataStruct\RWLock.h">
      <Filter>Source Files\Common\DataStruct</Filter>
    </ClInclude>
    <ClInclude Include="Common\DataStruct\Slashes.h">
      <Filter>Source Files\Common\DataStruct</Filter>
    </ClInclude>
    <ClInclude Include="Common\DataStruct\stl_alloc.h">
      <Filter>Source Files\Common\DataStruct</Filter>
    </ClInclude>
    <ClInclude Include="Common\DataStruct\Sync.h">
      <Filter>Source Files\Common\DataStruct</Filter>
    </ClInclude>
    <ClInclude Include="Common\DataStruct\SyncMap.h">
      <Filter>Source Files\Common\DataStruct</Filter>
    </ClInclude>
    <ClInclude Include="Common\DataStruct\Thread.h">
      <Filter>Source Files\Common\DataStruct</Filter>
    </ClInclude>
    <ClInclude Include="Common\DataStruct\TimeMonitor.h">
      <Filter>Source Files\Common\DataStruct</Filter>
    </ClInclude>
    <ClInclude Include="Common\DataStruct\XMath.h">
      <Filter>Source Files\Common\DataStruct</Filter>
    </ClInclude>
    <ClInclude Include="Common\DataStruct\XString.h">
      <Filter>Source Files\Common\DataStruct</Filter>
    </ClInclude>
    <ClInclude Include="Common\DataStruct\XTime.h">
      <Filter>Source Files\Common\DataStruct</Filter>
    </ClInclude>
    <ClInclude Include="Logger\Logger.h">
      <Filter>Source Files\Logger</Filter>
    </ClInclude>
  </ItemGroup>
</Project>